
Microsoft Visual Studio Solution File, Format Version 12.00
# Visual Studio Version 17
VisualStudioVersion = 17.3.32929.385
MinimumVisualStudioVersion = 10.0.40219.1
Project("{FAE04EC0-301F-11D3-BF4B-00C04F79EFBC}") = "Movie", "Movie\Movie.csproj", "{E466D2E2-4217-44F8-91FC-948E4E1FF9C5}"
EndProject
Global
	GlobalSection(SolutionConfigurationPlatforms) = preSolution
		Debug|Any CPU = Debug|Any CPU
		Release|Any CPU = Release|Any CPU
	EndGlobalSection
	GlobalSection(ProjectConfigurationPlatforms) = postSolution
		{E466D2E2-4217-44F8-91FC-948E4E1FF9C5}.Debug|Any CPU.ActiveCfg = Debug|Any CPU
		{E466D2E2-4217-44F8-91FC-948E4E1FF9C5}.Debug|Any CPU.Build.0 = Debug|Any CPU
		{E466D2E2-4217-44F8-91FC-948E4E1FF9C5}.Release|Any CPU.ActiveCfg = Release|Any CPU
		{E466D2E2-4217-44F8-91FC-948E4E1FF9C5}.Release|Any CPU.Build.0 = Release|Any CPU
	EndGlobalSection
	GlobalSection(SolutionProperties) = preSolution
		HideSolutionNode = FALSE
	EndGlobalSection
	GlobalSection(ExtensibilityGlobals) = postSolution
		SolutionGuid = {0598CC9F-51CD-4593-984C-7C628157E721}
	EndGlobalSection
EndGlobal
